<?xml version="1.0" encoding="utf-8"?>
<Project ToolsVersion="4.0" xmlns="http://schemas.microsoft.com/developer/msbuild/2003">
  <ItemGroup>
    <Filter Include="Source Files">
      <UniqueIdentifier>{4FC737F1-C7A5-4376-A066-2A32D752A2FF}</UniqueIdentifier>
    </Filter>
    <Filter Include="Header Files">
      <UniqueIdentifier>{93995380-89BD-4b04-88EB-625FBE52EBFB}</UniqueIdentifier>
    </Filter>
    <Filter Include="Package">
      <UniqueIdentifier>{A1B2C3D4-E5F6-7890-ABCD-EF1234567890}</UniqueIdentifier>
    </Filter>
    <Filter Include="Assets">
      <UniqueIdentifier>{B2C3D4E5-F6A7-8901-BCDE-F12345678901}</UniqueIdentifier>
    </Filter>
    <Filter Include="Project References">
      <UniqueIdentifier>{C3D4E5F6-A7B8-9012-CDEF-123456789012}</UniqueIdentifier>
    </Filter>
    <Filter Include="Resources">
      <UniqueIdentifier>{D4E5F6A7-B8C9-0123-DEF0-234567890123}</UniqueIdentifier>
    </Filter>
    <Filter Include="Resources\fonts">
      <UniqueIdentifier>{E5F6A7B8-C9D0-1234-EF01-345678901234}</UniqueIdentifier>
    </Filter>
    <Filter Include="Resources\icons">
      <UniqueIdentifier>{F6A7B8C9-D0E1-2345-F012-456789012345}</UniqueIdentifier>
    </Filter>
    <Filter Include="Resources\icons\flags">
      <UniqueIdentifier>{A7B8C9D0-E1F2-3456-0123-567890123456}</UniqueIdentifier>
    </Filter>
    <Filter Include="Resources\fullscreenui">
      <UniqueIdentifier>{B8C9D0E1-F2A3-4567-1234-678901234567}</UniqueIdentifier>
    </Filter>
    <Filter Include="Resources\shaders">
      <UniqueIdentifier>{C9D0E1F2-A3B4-5678-2345-789012345678}</UniqueIdentifier>
    </Filter>
    <Filter Include="Resources\shaders\common">
      <UniqueIdentifier>{D0E1F2A3-B4C5-6789-3456-890123456789}</UniqueIdentifier>
    </Filter>
    <Filter Include="Resources\shaders\dx11">
      <UniqueIdentifier>{E1F2A3B4-C5D6-7890-4567-901234567890}</UniqueIdentifier>
    </Filter>
    <Filter Include="Resources\sounds">
      <UniqueIdentifier>{F2A3B4C5-D6E7-8901-5678-012345678901}</UniqueIdentifier>
    </Filter>
    <Filter Include="Resources\sounds\achievements">
      <UniqueIdentifier>{A3B4C5D6-E7F8-9012-6789-123456789012}</UniqueIdentifier>
    </Filter>
    <Filter Include="Dependencies">
      <UniqueIdentifier>{B4C5D6E7-F8A9-0123-7890-234567890123}</UniqueIdentifier>
    </Filter>
    <Filter Include="Resources\shaders\opengl">
      <UniqueIdentifier>{6c745fa9-78b1-4e30-9356-6ddea5c110a7}</UniqueIdentifier>
    </Filter>
    <Filter Include="Resources\shaders\vulkan">
      <UniqueIdentifier>{28279609-67ab-4545-b15e-9178de035cc9}</UniqueIdentifier>
    </Filter>
  </ItemGroup>
  <ItemGroup>
    <ClCompile Include="..\pcsx2\PrecompiledHeader.cpp">
      <Filter>Source Files</Filter>
    </ClCompile>
    <ClCompile Include="main.cpp">
      <Filter>Source Files</Filter>
    </ClCompile>
    <ClCompile Include="UWPSound.cpp">
      <Filter>Source Files</Filter>
    </ClCompile>
  </ItemGroup>
  <ItemGroup>
    <ClInclude Include="..\pcsx2\PrecompiledHeader.h">
      <Filter>Header Files</Filter>
    </ClInclude>
    <ClInclude Include="UWPUtils.h">
      <Filter>Header Files</Filter>
    </ClInclude>
  </ItemGroup>
  <ItemGroup>
    <AppxManifest Include="Package.appxmanifest">
      <Filter>Package</Filter>
    </AppxManifest>
    <None Include="packages.config">
      <Filter>Package</Filter>
    </None>
    <None Include="pcsx2-uwp_TemporaryKey.pfx">
      <Filter>Package</Filter>
    </None>
    <None Include="PropertySheet.props">
      <Filter>Package</Filter>
    </None>
  </ItemGroup>
  <ItemGroup>
    <ProjectReference Include="$(SolutionDir)3rdparty\fmt\fmt.vcxproj">
      <Filter>Project References</Filter>
    </ProjectReference>
    <ProjectReference Include="$(SolutionDir)3rdparty\soundtouch\SoundTouch.vcxproj">
      <Filter>Project References</Filter>
    </ProjectReference>
    <ProjectReference Include="$(SolutionDir)3rdparty\libchdr\libchdr.vcxproj">
      <Filter>Project References</Filter>
    </ProjectReference>
    <ProjectReference Include="$(SolutionDir)3rdparty\imgui\imgui.vcxproj">
      <Filter>Project References</Filter>
    </ProjectReference>
    <ProjectReference Include="$(SolutionDir)common\common.vcxproj">
      <Filter>Project References</Filter>
    </ProjectReference>
    <ProjectReference Include="$(SolutionDir)pcsx2\pcsx2.vcxproj">
      <Filter>Project References</Filter>
    </ProjectReference>
    <ProjectReference Include="$(SolutionDir)3rdparty\glad\glad.vcxproj">
      <Filter>Project References</Filter>
    </ProjectReference>
    <ProjectReference Include="..\3rdparty\lzma\lzma.vcxproj">
      <Filter>Project References</Filter>
    </ProjectReference>
    <ProjectReference Include="..\3rdparty\zydis\zydis.vcxproj">
      <Filter>Project References</Filter>
    </ProjectReference>
    <ProjectReference Include="..\3rdparty\libzip\libzip.vcxproj">
      <Filter>Project References</Filter>
    </ProjectReference>
  </ItemGroup>
  <ItemGroup>
    <Image Include="Assets\LockScreenLogo.scale-200.png">
      <Filter>Assets</Filter>
    </Image>
    <Image Include="Assets\SplashScreen.scale-200.png">
      <Filter>Assets</Filter>
    </Image>
    <Image Include="Assets\Square150x150Logo.scale-100.png">
      <Filter>Assets</Filter>
    </Image>
    <Image Include="Assets\Square150x150Logo.scale-200.png">
      <Filter>Assets</Filter>
    </Image>
    <Image Include="Assets\Square150x150Logo.scale-400.png">
      <Filter>Assets</Filter>
    </Image>
    <Image Include="Assets\Square44x44Logo.scale-200.png">
      <Filter>Assets</Filter>
    </Image>
    <Image Include="Assets\Square44x44Logo.targetsize-24_altform-unplated.png">
      <Filter>Assets</Filter>
    </Image>
    <Image Include="Assets\StoreLogo.scale-100.png">
      <Filter>Assets</Filter>
    </Image>
    <Image Include="Assets\StoreLogo.scale-200.png">
      <Filter>Assets</Filter>
    </Image>
    <Image Include="Assets\StoreLogo.scale-400.png">
      <Filter>Assets</Filter>
    </Image>
  </ItemGroup>
  <ItemGroup>
    <None Include="resources\GameIndex.yaml">
      <Filter>Resources</Filter>
    </None>
    <None Include="resources\patches.zip">
      <Filter>Resources</Filter>
    </None>
    <None Include="resources\fonts\Roboto-Regular-copyright">
      <Filter>Resources\fonts</Filter>
    </None>
    <None Include="resources\icons\AppBanner.svg">
      <Filter>Resources\icons</Filter>
    </None>
    <None Include="resources\icons\ra-icon.svg">
      <Filter>Resources\icons</Filter>
    </None>
    <None Include="resources\icons\star-0.svg">
      <Filter>Resources\icons</Filter>
    </None>
    <None Include="resources\icons\star-1.svg">
      <Filter>Resources\icons</Filter>
    </None>
    <None Include="resources\icons\star-2.svg">
      <Filter>Resources\icons</Filter>
    </None>
    <None Include="resources\icons\star-3.svg">
      <Filter>Resources\icons</Filter>
    </None>
    <None Include="resources\icons\star-4.svg">
      <Filter>Resources\icons</Filter>
    </None>
    <None Include="resources\icons\star-5.svg">
      <Filter>Resources\icons</Filter>
    </None>
    <None Include="resources\icons\flags\Other.svg">
      <Filter>Resources\icons\flags</Filter>
    </None>
    <None Include="resources\shaders\common\fxaa.fx">
      <Filter>Resources\shaders\common</Filter>
    </None>
    <None Include="resources\shaders\common\ffx_a.h">
      <Filter>Resources\shaders\common</Filter>
    </None>
    <None Include="resources\shaders\common\ffx_cas.h">
      <Filter>Resources\shaders\common</Filter>
    </None>
    <None Include="resources\shaders\dx11\cas.hlsl">
      <Filter>Resources\shaders\dx11</Filter>
    </None>
    <None Include="resources\shaders\dx11\convert.fx">
      <Filter>Resources\shaders\dx11</Filter>
    </None>
    <None Include="resources\shaders\dx11\imgui.fx">
      <Filter>Resources\shaders\dx11</Filter>
    </None>
    <None Include="resources\shaders\dx11\interlace.fx">
      <Filter>Resources\shaders\dx11</Filter>
    </None>
    <None Include="resources\shaders\dx11\merge.fx">
      <Filter>Resources\shaders\dx11</Filter>
    </None>
    <None Include="resources\shaders\dx11\present.fx">
      <Filter>Resources\shaders\dx11</Filter>
    </None>
    <None Include="resources\shaders\dx11\shadeboost.fx">
      <Filter>Resources\shaders\dx11</Filter>
    </None>
    <None Include="resources\shaders\dx11\tfx.fx">
      <Filter>Resources\shaders\dx11</Filter>
    </None>
    <None Include="resources\fullscreenui\start-game.svg">
      <Filter>Resources\fullscreenui</Filter>
    </None>
    <None Include="resources\fullscreenui\applications-system.svg">
      <Filter>Resources\fullscreenui</Filter>
    </None>
    <None Include="resources\fullscreenui\back-icon.svg">
      <Filter>Resources\fullscreenui</Filter>
    </None>
    <None Include="resources\fullscreenui\desktop-mode.svg">
      <Filter>Resources\fullscreenui</Filter>
    </None>
    <None Include="resources\fullscreenui\drive-cdrom.svg">
      <Filter>Resources\fullscreenui</Filter>
    </None>
    <None Include="resources\fullscreenui\exit.svg">
      <Filter>Resources\fullscreenui</Filter>
    </None>
    <None Include="resources\fullscreenui\media-cdrom.svg">
      <Filter>Resources\fullscreenui</Filter>
    </None>
    <None Include="resources\fullscreenui\start-bios.svg">
      <Filter>Resources\fullscreenui</Filter>
    </None>
    <None Include="resources\fullscreenui\start-file.svg">
      <Filter>Resources\fullscreenui</Filter>
    </None>
    <None Include="resources\fonts\NotoColorEmoji-Regular-license">
      <Filter>Resources\fonts</Filter>
    </None>
    <None Include="resources\fonts\promptfont-license">
      <Filter>Resources\fonts</Filter>
    </None>
    <None Include="resources\icons\flags\at.svg">
      <Filter>Resources\icons\flags</Filter>
    </None>
    <None Include="resources\icons\flags\au.svg">
      <Filter>Resources\icons\flags</Filter>
    </None>
    <None Include="resources\icons\flags\be.svg">
      <Filter>Resources\icons\flags</Filter>
    </None>
    <None Include="resources\icons\flags\br.svg">
      <Filter>Resources\icons\flags</Filter>
    </None>
    <None Include="resources\icons\flags\ch.svg">
      <Filter>Resources\icons\flags</Filter>
    </None>
    <None Include="resources\icons\flags\cn.svg">
      <Filter>Resources\icons\flags</Filter>
    </None>
    <None Include="resources\icons\flags\cz.svg">
      <Filter>Resources\icons\flags</Filter>
    </None>
    <None Include="resources\icons\flags\de.svg">
      <Filter>Resources\icons\flags</Filter>
    </None>
    <None Include="resources\icons\flags\dk.svg">
      <Filter>Resources\icons\flags</Filter>
    </None>
    <None Include="resources\icons\flags\es.svg">
      <Filter>Resources\icons\flags</Filter>
    </None>
    <None Include="resources\icons\flags\eu.svg">
      <Filter>Resources\icons\flags</Filter>
    </None>
    <None Include="resources\icons\flags\fi.svg">
      <Filter>Resources\icons\flags</Filter>
    </None>
    <None Include="resources\icons\flags\fr.svg">
      <Filter>Resources\icons\flags</Filter>
    </None>
    <None Include="resources\icons\flags\gb.svg">
      <Filter>Resources\icons\flags</Filter>
    </None>
    <None Include="resources\icons\flags\gr.svg">
      <Filter>Resources\icons\flags</Filter>
    </None>
    <None Include="resources\icons\flags\hk.svg">
      <Filter>Resources\icons\flags</Filter>
    </None>
    <None Include="resources\icons\flags\hr.svg">
      <Filter>Resources\icons\flags</Filter>
    </None>
    <None Include="resources\icons\flags\hu.svg">
      <Filter>Resources\icons\flags</Filter>
    </None>
    <None Include="resources\icons\flags\id.svg">
      <Filter>Resources\icons\flags</Filter>
    </None>
    <None Include="resources\icons\flags\il.svg">
      <Filter>Resources\icons\flags</Filter>
    </None>
    <None Include="resources\icons\flags\in.svg">
      <Filter>Resources\icons\flags</Filter>
    </None>
    <None Include="resources\icons\flags\ir.svg">
      <Filter>Resources\icons\flags</Filter>
    </None>
    <None Include="resources\icons\flags\it.svg">
      <Filter>Resources\icons\flags</Filter>
    </None>
    <None Include="resources\icons\flags\jp.svg">
      <Filter>Resources\icons\flags</Filter>
    </None>
    <None Include="resources\icons\flags\kr.svg">
      <Filter>Resources\icons\flags</Filter>
    </None>
    <None Include="resources\icons\flags\LICENSE">
      <Filter>Resources\icons\flags</Filter>
    </None>
    <None Include="resources\icons\flags\LICENSESCN">
      <Filter>Resources\icons\flags</Filter>
    </None>
    <None Include="resources\icons\flags\lt.svg">
      <Filter>Resources\icons\flags</Filter>
    </None>
    <None Include="resources\icons\flags\lv.svg">
      <Filter>Resources\icons\flags</Filter>
    </None>
    <None Include="resources\icons\flags\mx.svg">
      <Filter>Resources\icons\flags</Filter>
    </None>
    <None Include="resources\icons\flags\nl.svg">
      <Filter>Resources\icons\flags</Filter>
    </None>
    <None Include="resources\icons\flags\no.svg">
      <Filter>Resources\icons\flags</Filter>
    </None>
    <None Include="resources\icons\flags\pl.svg">
      <Filter>Resources\icons\flags</Filter>
    </None>
    <None Include="resources\icons\flags\pt.svg">
      <Filter>Resources\icons\flags</Filter>
    </None>
    <None Include="resources\icons\flags\ro.svg">
      <Filter>Resources\icons\flags</Filter>
    </None>
    <None Include="resources\icons\flags\rs.svg">
      <Filter>Resources\icons\flags</Filter>
    </None>
    <None Include="resources\icons\flags\ru.svg">
      <Filter>Resources\icons\flags</Filter>
    </None>
    <None Include="resources\icons\flags\sa.svg">
      <Filter>Resources\icons\flags</Filter>
    </None>
    <None Include="resources\icons\flags\scn.svg">
      <Filter>Resources\icons\flags</Filter>
    </None>
    <None Include="resources\icons\flags\se.svg">
      <Filter>Resources\icons\flags</Filter>
    </None>
    <None Include="resources\icons\flags\tr.svg">
      <Filter>Resources\icons\flags</Filter>
    </None>
    <None Include="resources\icons\flags\tw.svg">
      <Filter>Resources\icons\flags</Filter>
    </None>
    <None Include="resources\icons\flags\ua.svg">
      <Filter>Resources\icons\flags</Filter>
    </None>
    <None Include="resources\icons\flags\us.svg">
      <Filter>Resources\icons\flags</Filter>
    </None>
    <None Include="resources\icons\flags\vn.svg">
      <Filter>Resources\icons\flags</Filter>
    </None>
    <None Include="resources\icons\flags\za.svg">
      <Filter>Resources\icons\flags</Filter>
    </None>
    <None Include="resources\shaders\opengl\cas.glsl">
      <Filter>Resources\shaders\opengl</Filter>
    </None>
    <None Include="resources\shaders\opengl\convert.glsl">
      <Filter>Resources\shaders\opengl</Filter>
    </None>
    <None Include="resources\shaders\opengl\imgui.glsl">
      <Filter>Resources\shaders\opengl</Filter>
    </None>
    <None Include="resources\shaders\opengl\interlace.glsl">
      <Filter>Resources\shaders\opengl</Filter>
    </None>
    <None Include="resources\shaders\opengl\merge.glsl">
      <Filter>Resources\shaders\opengl</Filter>
    </None>
    <None Include="resources\shaders\opengl\present.glsl">
      <Filter>Resources\shaders\opengl</Filter>
    </None>
    <None Include="resources\shaders\opengl\shadeboost.glsl">
      <Filter>Resources\shaders\opengl</Filter>
    </None>
    <None Include="resources\shaders\opengl\tfx_fs.glsl">
      <Filter>Resources\shaders\opengl</Filter>
    </None>
    <None Include="resources\shaders\opengl\tfx_vgs.glsl">
      <Filter>Resources\shaders\opengl</Filter>
    </None>
    <None Include="resources\shaders\vulkan\cas.glsl">
      <Filter>Resources\shaders\vulkan</Filter>
    </None>
    <None Include="resources\shaders\vulkan\convert.glsl">
      <Filter>Resources\shaders\vulkan</Filter>
    </None>
    <None Include="resources\shaders\vulkan\imgui.glsl">
      <Filter>Resources\shaders\vulkan</Filter>
    </None>
    <None Include="resources\shaders\vulkan\interlace.glsl">
      <Filter>Resources\shaders\vulkan</Filter>
    </None>
    <None Include="resources\shaders\vulkan\merge.glsl">
      <Filter>Resources\shaders\vulkan</Filter>
    </None>
    <None Include="resources\shaders\vulkan\present.glsl">
      <Filter>Resources\shaders\vulkan</Filter>
    </None>
    <None Include="resources\shaders\vulkan\shadeboost.glsl">
      <Filter>Resources\shaders\vulkan</Filter>
    </None>
    <None Include="resources\shaders\vulkan\tfx.glsl">
      <Filter>Resources\shaders\vulkan</Filter>
    </None>
  </ItemGroup>
  <ItemGroup>
    <Image Include="resources\cover-placeholder.png">
      <Filter>Resources</Filter>
    </Image>
    <Image Include="resources\fullscreenui\placeholder.png">
      <Filter>Resources\fullscreenui</Filter>
    </Image>
    <Image Include="resources\fullscreenui\no-save.png">
      <Filter>Resources\fullscreenui</Filter>
    </Image>
    <Image Include="resources\icons\AppIconLarge.png">
      <Filter>Resources\icons</Filter>
    </Image>
  </ItemGroup>
  <ItemGroup>
    <Text Include="resources\game_controller_db.txt">
      <Filter>Resources</Filter>
    </Text>
    <Text Include="resources\sounds\achievements\README.txt">
      <Filter>Resources\sounds\achievements</Filter>
    </Text>
  </ItemGroup>
  <ItemGroup>
    <Font Include="resources\fonts\fa-solid-900.ttf">
      <Filter>Resources\fonts</Filter>
    </Font>
    <Font Include="resources\fonts\promptfont.otf">
      <Filter>Resources\fonts</Filter>
    </Font>
    <Font Include="resources\fonts\Roboto-Regular.ttf">
      <Filter>Resources\fonts</Filter>
    </Font>
    <Font Include="resources\fonts\RobotoMono-Medium.ttf">
      <Filter>Resources\fonts</Filter>
    </Font>
    <Font Include="resources\fonts\NotoColorEmoji-Regular.ttf">
      <Filter>Resources\fonts</Filter>
    </Font>
  </ItemGroup>
  <ItemGroup>
    <Media Include="resources\sounds\achievements\lbsubmit.wav">
      <Filter>Resources\sounds\achievements</Filter>
    </Media>
    <Media Include="resources\sounds\achievements\message.wav">
      <Filter>Resources\sounds\achievements</Filter>
    </Media>
    <Media Include="resources\sounds\achievements\unlock.wav">
      <Filter>Resources\sounds\achievements</Filter>
    </Media>
  </ItemGroup>
  <ItemGroup>
    <Content Include="$(SolutionDir)\uwp-deps\bin\*.dll">
      <Filter>Dependencies</Filter>
    </Content>
  </ItemGroup>
</Project>