<?xml version="1.0" encoding="utf-8"?>
<Project ToolsVersion="4.0" xmlns="http://schemas.microsoft.com/developer/msbuild/2003">
  <ItemGroup>
    <Filter Include="Source Files">
      <UniqueIdentifier>{4FC737F1-C7A5-4376-A066-2A32D752A2FF}</UniqueIdentifier>
    </Filter>
    <Filter Include="Header Files">
      <UniqueIdentifier>{93995380-89BD-4b04-88EB-625FBE52EBFB}</UniqueIdentifier>
    </Filter>
    <Filter Include="Package">
      <UniqueIdentifier>{A1B2C3D4-E5F6-7890-ABCD-EF1234567890}</UniqueIdentifier>
    </Filter>
    <Filter Include="Assets">
      <UniqueIdentifier>{B2C3D4E5-F6A7-8901-BCDE-F12345678901}</UniqueIdentifier>
    </Filter>
    <Filter Include="Project References">
      <UniqueIdentifier>{C3D4E5F6-A7B8-9012-CDEF-123456789012}</UniqueIdentifier>
    </Filter>
  </ItemGroup>
  <ItemGroup>
    <ClCompile Include="..\pcsx2\PrecompiledHeader.cpp">
      <Filter>Source Files</Filter>
    </ClCompile>
    <ClCompile Include="src\main.cpp">
      <Filter>Source Files</Filter>
    </ClCompile>
    <ClCompile Include="src\UWPKeyboard.cpp">
      <Filter>Source Files</Filter>
    </ClCompile>
    <ClCompile Include="src\UWPSound.cpp">
      <Filter>Source Files</Filter>
    </ClCompile>
  </ItemGroup>
  <ItemGroup>
    <ClInclude Include="..\pcsx2\PrecompiledHeader.h">
      <Filter>Header Files</Filter>
    </ClInclude>
    <ClInclude Include="src\UWPKeyboard.h">
      <Filter>Header Files</Filter>
    </ClInclude>
    <ClInclude Include="src\UWPUtils.h">
      <Filter>Header Files</Filter>
    </ClInclude>
  </ItemGroup>
  <ItemGroup>
    <AppxManifest Include="Package.appxmanifest">
      <Filter>Package</Filter>
    </AppxManifest>
    <None Include="packages.config">
      <Filter>Package</Filter>
    </None>
    <None Include="pcsx2-uwp_TemporaryKey.pfx">
      <Filter>Package</Filter>
    </None>
    <None Include="PropertySheet.props">
      <Filter>Package</Filter>
    </None>
  </ItemGroup>
  <ItemGroup>
    <ProjectReference Include="$(SolutionDir)3rdparty\fmt\fmt.vcxproj">
      <Filter>Project References</Filter>
    </ProjectReference>
    <ProjectReference Include="$(SolutionDir)3rdparty\soundtouch\SoundTouch.vcxproj">
      <Filter>Project References</Filter>
    </ProjectReference>
    <ProjectReference Include="$(SolutionDir)3rdparty\libchdr\libchdr.vcxproj">
      <Filter>Project References</Filter>
    </ProjectReference>
    <ProjectReference Include="$(SolutionDir)3rdparty\imgui\imgui.vcxproj">
      <Filter>Project References</Filter>
    </ProjectReference>
    <ProjectReference Include="$(SolutionDir)common\common.vcxproj">
      <Filter>Project References</Filter>
    </ProjectReference>
    <ProjectReference Include="$(SolutionDir)pcsx2\pcsx2.vcxproj">
      <Filter>Project References</Filter>
    </ProjectReference>
    <ProjectReference Include="$(SolutionDir)3rdparty\glad\glad.vcxproj">
      <Filter>Project References</Filter>
    </ProjectReference>
    <ProjectReference Include="..\3rdparty\lzma\lzma.vcxproj">
      <Filter>Project References</Filter>
    </ProjectReference>
    <ProjectReference Include="..\3rdparty\zydis\zydis.vcxproj">
      <Filter>Project References</Filter>
    </ProjectReference>
    <ProjectReference Include="..\3rdparty\libzip\libzip.vcxproj">
      <Filter>Project References</Filter>
    </ProjectReference>
  </ItemGroup>
  <ItemGroup>
    <Image Include="Assets\LockScreenLogo.scale-200.png">
      <Filter>Assets</Filter>
    </Image>
    <Image Include="Assets\SplashScreen.scale-200.png">
      <Filter>Assets</Filter>
    </Image>
    <Image Include="Assets\Square150x150Logo.scale-100.png">
      <Filter>Assets</Filter>
    </Image>
    <Image Include="Assets\Square150x150Logo.scale-200.png">
      <Filter>Assets</Filter>
    </Image>
    <Image Include="Assets\Square150x150Logo.scale-400.png">
      <Filter>Assets</Filter>
    </Image>
    <Image Include="Assets\Square44x44Logo.scale-200.png">
      <Filter>Assets</Filter>
    </Image>
    <Image Include="Assets\Square44x44Logo.targetsize-24_altform-unplated.png">
      <Filter>Assets</Filter>
    </Image>
    <Image Include="Assets\StoreLogo.scale-100.png">
      <Filter>Assets</Filter>
    </Image>
    <Image Include="Assets\StoreLogo.scale-200.png">
      <Filter>Assets</Filter>
    </Image>
    <Image Include="Assets\StoreLogo.scale-400.png">
      <Filter>Assets</Filter>
    </Image>
  </ItemGroup>
</Project>